{
  "version": 4,
  "terraform_version": "1.1.9",
  "serial": 36,
  "lineage": "80812cd3-9d6b-a1e6-8ac2-710bc694f2fb",
  "outputs": {},
  "resources": [
    {
      "mode": "managed",
      "type": "snowflake_database",
      "name": "test-db",
      "provider": "provider[\"registry.terraform.io/chanzuckerberg/snowflake\"]",
      "instances": [
        {
          "schema_version": 0,
          "attributes": {
            "comment": "My firs db with Terraform",
            "data_retention_time_in_days": 1,
            "from_database": null,
            "from_share": null,
            "id": "TEST_DB_TERRAFORM",
            "name": "TEST_DB_TERRAFORM"
          },
          "sensitive_attributes": [],
          "private": "bnVsbA=="
        }
      ]
    },
    {
      "mode": "managed",
      "type": "snowflake_user",
      "name": "Amin",
      "provider": "provider[\"registry.terraform.io/chanzuckerberg/snowflake\"]",
      "instances": [
        {
          "schema_version": 0,
          "attributes": {
            "comment": "Enjoy your Snowflake experience :-)",
            "default_namespace": "",
            "default_role": "ACCOUNTADMIN",
            "default_warehouse": "TEST_WH",
            "disabled": false,
            "display_name": "Amin",
            "email": "amin.torabi@gmail.com",
            "first_name": "Amin",
            "has_rsa_public_key": false,
            "id": "Amin",
            "last_name": "Torabi",
            "login_name": "AMIN",
            "must_change_password": true,
            "name": "Amin",
            "password": "p}Em9U!(3+!F2JET",
            "rsa_public_key": null,
            "rsa_public_key_2": null
          },
          "sensitive_attributes": [],
          "private": "bnVsbA=="
        }
      ]
    }
  ]
}
